
Microsoft Visual Studio Solution File, Format Version 12.00
# Visual Studio Version 17
VisualStudioVersion = 17.5.002.0
MinimumVisualStudioVersion = 10.0.40219.1
Project("{D5B5EAD8-4D12-4E6D-B700-1EC9A819BDC0}") = "MuckCheat", "MuckCheat.csproj", "{8436623E-4911-438D-90C0-17FBAEE73B9B}"
EndProject
Global
	GlobalSection(SolutionConfigurationPlatforms) = preSolution
		Debug|Any CPU = Debug|Any CPU
		Release|Any CPU = Release|Any CPU
	EndGlobalSection
	GlobalSection(ProjectConfigurationPlatforms) = postSolution
		{8436623E-4911-438D-90C0-17FBAEE73B9B}.Debug|Any CPU.ActiveCfg = Debug|Any CPU
		{8436623E-4911-438D-90C0-17FBAEE73B9B}.Debug|Any CPU.Build.0 = Debug|Any CPU
		{8436623E-4911-438D-90C0-17FBAEE73B9B}.Release|Any CPU.ActiveCfg = Release|Any CPU
		{8436623E-4911-438D-90C0-17FBAEE73B9B}.Release|Any CPU.Build.0 = Release|Any CPU
	EndGlobalSection
	GlobalSection(SolutionProperties) = preSolution
		HideSolutionNode = FALSE
	EndGlobalSection
	GlobalSection(ExtensibilityGlobals) = postSolution
		SolutionGuid = {63500C3A-35DD-4C90-B95D-6F8D7D750E6E}
	EndGlobalSection
EndGlobal
